
Microsoft Visual Studio Solution File, Format Version 12.00
# Visual Studio Version 17
VisualStudioVersion = 17.10.35122.118
MinimumVisualStudioVersion = 10.0.40219.1
Project("{FAE04EC0-301F-11D3-BF4B-00C04F79EFBC}") = "HardwareStore", "HardwareStore.csproj", "{CB15DC77-7D88-49D4-8EE9-343B7875FBF2}"
EndProject
Project("{2150E333-8FDC-42A3-9474-1A3956D46DE8}") = "Aggregations", "Aggregations", "{2FF4C7DA-150F-4358-8E70-46E3A96DAD11}"
EndProject
Project("{2150E333-8FDC-42A3-9474-1A3956D46DE8}") = "Application", "Application", "{5186ABC0-4E6A-4030-A77D-B8A5EAA4EAB0}"
EndProject
Project("{2150E333-8FDC-42A3-9474-1A3956D46DE8}") = "Infrastructure", "Infrastructure", "{CE40B7D3-DBAF-4E52-8638-D94C08474AE6}"
EndProject
Global
	GlobalSection(SolutionConfigurationPlatforms) = preSolution
		Debug|Any CPU = Debug|Any CPU
		Release|Any CPU = Release|Any CPU
	EndGlobalSection
	GlobalSection(ProjectConfigurationPlatforms) = postSolution
		{CB15DC77-7D88-49D4-8EE9-343B7875FBF2}.Debug|Any CPU.ActiveCfg = Debug|Any CPU
		{CB15DC77-7D88-49D4-8EE9-343B7875FBF2}.Debug|Any CPU.Build.0 = Debug|Any CPU
		{CB15DC77-7D88-49D4-8EE9-343B7875FBF2}.Release|Any CPU.ActiveCfg = Release|Any CPU
		{CB15DC77-7D88-49D4-8EE9-343B7875FBF2}.Release|Any CPU.Build.0 = Release|Any CPU
	EndGlobalSection
	GlobalSection(SolutionProperties) = preSolution
		HideSolutionNode = FALSE
	EndGlobalSection
	GlobalSection(NestedProjects) = preSolution
		{CB15DC77-7D88-49D4-8EE9-343B7875FBF2} = {2FF4C7DA-150F-4358-8E70-46E3A96DAD11}
	EndGlobalSection
	GlobalSection(ExtensibilityGlobals) = postSolution
		SolutionGuid = {C3E6CFFC-B6AB-470B-A120-455FE4D45EAC}
	EndGlobalSection
EndGlobal
